// !$*UTF8*$!
{
	archiveVersion = 1;
	classes = {
	};
	objectVersion = 51;
	objects = {

/* Begin PBXBuildFile section */
		465C6D6024A50DC200C1F2A8 /* FeedVController.swift in Sources */ = {isa = PBXBuildFile; fileRef = 465C6D5F24A50DC200C1F2A8 /* FeedVController.swift */; };
		465C6D6324A50DF200C1F2A8 /* UploadVController.swift in Sources */ = {isa = PBXBuildFile; fileRef = 465C6D6224A50DF200C1F2A8 /* UploadVController.swift */; };
		465C6D6524A50E0500C1F2A8 /* SettingVController.swift in Sources */ = {isa = PBXBuildFile; fileRef = 465C6D6424A50E0500C1F2A8 /* SettingVController.swift */; };
		467210CC24A00FA3002A191D /* AppDelegate.swift in Sources */ = {isa = PBXBuildFile; fileRef = 467210CB24A00FA3002A191D /* AppDelegate.swift */; };
		467210CE24A00FA3002A191D /* SceneDelegate.swift in Sources */ = {isa = PBXBuildFile; fileRef = 467210CD24A00FA3002A191D /* SceneDelegate.swift */; };
		467210D024A00FA3002A191D /* ViewController.swift in Sources */ = {isa = PBXBuildFile; fileRef = 467210CF24A00FA3002A191D /* ViewController.swift */; };
		467210D324A00FA3002A191D /* Main.storyboard in Resources */ = {isa = PBXBuildFile; fileRef = 467210D124A00FA3002A191D /* Main.storyboard */; };
		467210D524A00FA7002A191D /* Assets.xcassets in Resources */ = {isa = PBXBuildFile; fileRef = 467210D424A00FA7002A191D /* Assets.xcassets */; };
		467210D824A00FA7002A191D /* LaunchScreen.storyboard in Resources */ = {isa = PBXBuildFile; fileRef = 467210D624A00FA7002A191D /* LaunchScreen.storyboard */; };
		467210E024A029A3002A191D /* GoogleService-Info.plist in Resources */ = {isa = PBXBuildFile; fileRef = 467210DF24A029A3002A191D /* GoogleService-Info.plist */; };
		46ED6AD724A7062E00216539 /* FeedCell.swift in Sources */ = {isa = PBXBuildFile; fileRef = 46ED6AD624A7062E00216539 /* FeedCell.swift */; };
		4A74DD65F6313DDD1C2DAC68 /* Pods_instaClone.framework in Frameworks */ = {isa = PBXBuildFile; fileRef = CBA85ADA15B5B408B9EB0FF8 /* Pods_instaClone.framework */; };
/* End PBXBuildFile section */

/* Begin PBXFileReference section */
		3942C092A6938654A9670AF7 /* Pods-instaClone.release.xcconfig */ = {isa = PBXFileReference; includeInIndex = 1; lastKnownFileType = text.xcconfig; name = "Pods-instaClone.release.xcconfig"; path = "Target Support Files/Pods-instaClone/Pods-instaClone.release.xcconfig"; sourceTree = "<group>"; };
		465C6D5F24A50DC200C1F2A8 /* FeedVController.swift */ = {isa = PBXFileReference; lastKnownFileType = sourcecode.swift; path = FeedVController.swift; sourceTree = "<group>"; };
		465C6D6224A50DF200C1F2A8 /* UploadVController.swift */ = {isa = PBXFileReference; lastKnownFileType = sourcecode.swift; path = UploadVController.swift; sourceTree = "<group>"; };
		465C6D6424A50E0500C1F2A8 /* SettingVController.swift */ = {isa = PBXFileReference; lastKnownFileType = sourcecode.swift; path = SettingVController.swift; sourceTree = "<group>"; };
		467210C824A00FA3002A191D /* instaClone.app */ = {isa = PBXFileReference; explicitFileType = wrapper.application; includeInIndex = 0; path = instaClone.app; sourceTree = BUILT_PRODUCTS_DIR; };
		467210CB24A00FA3002A191D /* AppDelegate.swift */ = {isa = PBXFileReference; lastKnownFileType = sourcecode.swift; path = AppDelegate.swift; sourceTree = "<group>"; };
		467210CD24A00FA3002A191D /* SceneDelegate.swift */ = {isa = PBXFileReference; lastKnownFileType = sourcecode.swift; path = SceneDelegate.swift; sourceTree = "<group>"; };
		467210CF24A00FA3002A191D /* ViewController.swift */ = {isa = PBXFileReference; lastKnownFileType = sourcecode.swift; path = ViewController.swift; sourceTree = "<group>"; };
		467210D224A00FA3002A191D /* Base */ = {isa = PBXFileReference; lastKnownFileType = file.storyboard; name = Base; path = Base.lproj/Main.storyboard; sourceTree = "<group>"; };
		467210D424A00FA7002A191D /* Assets.xcassets */ = {isa = PBXFileReference; lastKnownFileType = folder.assetcatalog; path = Assets.xcassets; sourceTree = "<group>"; };
		467210D724A00FA7002A191D /* Base */ = {isa = PBXFileReference; lastKnownFileType = file.storyboard; name = Base; path = Base.lproj/LaunchScreen.storyboard; sourceTree = "<group>"; };
		467210D924A00FA7002A191D /* Info.plist */ = {isa = PBXFileReference; lastKnownFileType = text.plist.xml; path = Info.plist; sourceTree = "<group>"; };
		467210DF24A029A3002A191D /* GoogleService-Info.plist */ = {isa = PBXFileReference; fileEncoding = 4; lastKnownFileType = text.plist.xml; path = "GoogleService-Info.plist"; sourceTree = "<group>"; };
		46ED6AD624A7062E00216539 /* FeedCell.swift */ = {isa = PBXFileReference; lastKnownFileType = sourcecode.swift; path = FeedCell.swift; sourceTree = "<group>"; };
		CAD77A5D13E786DAC67B18D2 /* Pods-instaClone.debug.xcconfig */ = {isa = PBXFileReference; includeInIndex = 1; lastKnownFileType = text.xcconfig; name = "Pods-instaClone.debug.xcconfig"; path = "Target Support Files/Pods-instaClone/Pods-instaClone.debug.xcconfig"; sourceTree = "<group>"; };
		CBA85ADA15B5B408B9EB0FF8 /* Pods_instaClone.framework */ = {isa = PBXFileReference; explicitFileType = wrapper.framework; includeInIndex = 0; path = Pods_instaClone.framework; sourceTree = BUILT_PRODUCTS_DIR; };
/* End PBXFileReference section */

/* Begin PBXFrameworksBuildPhase section */
		467210C524A00FA3002A191D /* Frameworks */ = {
			isa = PBXFrameworksBuildPhase;
			buildActionMask = 2147483647;
			files = (
				4A74DD65F6313DDD1C2DAC68 /* Pods_instaClone.framework in Frameworks */,
			);
			runOnlyForDeploymentPostprocessing = 0;
		};
/* End PBXFrameworksBuildPhase section */

/* Begin PBXGroup section */
		289B51155C3982DDF5186BB6 /* Frameworks */ = {
			isa = PBXGroup;
			children = (
				CBA85ADA15B5B408B9EB0FF8 /* Pods_instaClone.framework */,
			);
			name = Frameworks;
			sourceTree = "<group>";
		};
		467210BF24A00FA3002A191D = {
			isa = PBXGroup;
			children = (
				467210CA24A00FA3002A191D /* instaClone */,
				467210C924A00FA3002A191D /* Products */,
				A2192855EBABFC0CCFE7C9D9 /* Pods */,
				289B51155C3982DDF5186BB6 /* Frameworks */,
			);
			sourceTree = "<group>";
		};
		467210C924A00FA3002A191D /* Products */ = {
			isa = PBXGroup;
			children = (
				467210C824A00FA3002A191D /* instaClone.app */,
			);
			name = Products;
			sourceTree = "<group>";
		};
		467210CA24A00FA3002A191D /* instaClone */ = {
			isa = PBXGroup;
			children = (
				467210CB24A00FA3002A191D /* AppDelegate.swift */,
				467210CD24A00FA3002A191D /* SceneDelegate.swift */,
				467210CF24A00FA3002A191D /* ViewController.swift */,
				46ED6AD624A7062E00216539 /* FeedCell.swift */,
				467210D124A00FA3002A191D /* Main.storyboard */,
				467210D424A00FA7002A191D /* Assets.xcassets */,
				467210D624A00FA7002A191D /* LaunchScreen.storyboard */,
				467210D924A00FA7002A191D /* Info.plist */,
				467210DF24A029A3002A191D /* GoogleService-Info.plist */,
				465C6D5F24A50DC200C1F2A8 /* FeedVController.swift */,
				465C6D6224A50DF200C1F2A8 /* UploadVController.swift */,
				465C6D6424A50E0500C1F2A8 /* SettingVController.swift */,
			);
			path = instaClone;
			sourceTree = "<group>";
		};
		A2192855EBABFC0CCFE7C9D9 /* Pods */ = {
			isa = PBXGroup;
			children = (
				CAD77A5D13E786DAC67B18D2 /* Pods-instaClone.debug.xcconfig */,
				3942C092A6938654A9670AF7 /* Pods-instaClone.release.xcconfig */,
			);
			path = Pods;
			sourceTree = "<group>";
		};
/* End PBXGroup section */

/* Begin PBXNativeTarget section */
		467210C724A00FA3002A191D /* instaClone */ = {
			isa = PBXNativeTarget;
			buildConfigurationList = 467210DC24A00FA7002A191D /* Build configuration list for PBXNativeTarget "instaClone" */;
			buildPhases = (
				8E060BFCCB986F6C6136B529 /* [CP] Check Pods Manifest.lock */,
				467210C424A00FA3002A191D /* Sources */,
				467210C524A00FA3002A191D /* Frameworks */,
				467210C624A00FA3002A191D /* Resources */,
				13DDC778F089C2FC8374BAEC /* [CP] Embed Pods Frameworks */,
			);
			buildRules = (
			);
			dependencies = (
			);
			name = instaClone;
			productName = instaClone;
			productReference = 467210C824A00FA3002A191D /* instaClone.app */;
			productType = "com.apple.product-type.application";
		};
/* End PBXNativeTarget section */

/* Begin PBXProject section */
		467210C024A00FA3002A191D /* Project object */ = {
			isa = PBXProject;
			attributes = {
				LastSwiftUpdateCheck = 1150;
				LastUpgradeCheck = 1150;
				ORGANIZATIONNAME = MaurZac;
				TargetAttributes = {
					467210C724A00FA3002A191D = {
						CreatedOnToolsVersion = 11.5;
					};
				};
			};
			buildConfigurationList = 467210C324A00FA3002A191D /* Build configuration list for PBXProject "instaClone" */;
			compatibilityVersion = "Xcode 9.3";
			developmentRegion = en;
			hasScannedForEncodings = 0;
			knownRegions = (
				en,
				Base,
			);
			mainGroup = 467210BF24A00FA3002A191D;
			productRefGroup = 467210C924A00FA3002A191D /* Products */;
			projectDirPath = "";
			projectRoot = "";
			targets = (
				467210C724A00FA3002A191D /* instaClone */,
			);
		};
/* End PBXProject section */

/* Begin PBXResourcesBuildPhase section */
		467210C624A00FA3002A191D /* Resources */ = {
			isa = PBXResourcesBuildPhase;
			buildActionMask = 2147483647;
			files = (
				467210D824A00FA7002A191D /* LaunchScreen.storyboard in Resources */,
				467210E024A029A3002A191D /* GoogleService-Info.plist in Resources */,
				467210D524A00FA7002A191D /* Assets.xcassets in Resources */,
				467210D324A00FA3002A191D /* Main.storyboard in Resources */,
			);
			runOnlyForDeploymentPostprocessing = 0;
		};
/* End PBXResourcesBuildPhase section */

/* Begin PBXShellScriptBuildPhase section */
		13DDC778F089C2FC8374BAEC /* [CP] Embed Pods Frameworks */ = {
			isa = PBXShellScriptBuildPhase;
			buildActionMask = 2147483647;
			files = (
			);
			inputFileListPaths = (
				"${PODS_ROOT}/Target Support Files/Pods-instaClone/Pods-instaClone-frameworks-${CONFIGURATION}-input-files.xcfilelist",
			);
			name = "[CP] Embed Pods Frameworks";
			outputFileListPaths = (
				"${PODS_ROOT}/Target Support Files/Pods-instaClone/Pods-instaClone-frameworks-${CONFIGURATION}-output-files.xcfilelist",
			);
			runOnlyForDeploymentPostprocessing = 0;
			shellPath = /bin/sh;
			shellScript = "\"${PODS_ROOT}/Target Support Files/Pods-instaClone/Pods-instaClone-frameworks.sh\"\n";
			showEnvVarsInLog = 0;
		};
		8E060BFCCB986F6C6136B529 /* [CP] Check Pods Manifest.lock */ = {
			isa = PBXShellScriptBuildPhase;
			buildActionMask = 2147483647;
			files = (
			);
			inputFileListPaths = (
			);
			inputPaths = (
				"${PODS_PODFILE_DIR_PATH}/Podfile.lock",
				"${PODS_ROOT}/Manifest.lock",
			);
			name = "[CP] Check Pods Manifest.lock";
			outputFileListPaths = (
			);
			outputPaths = (
				"$(DERIVED_FILE_DIR)/Pods-instaClone-checkManifestLockResult.txt",
			);
			runOnlyForDeploymentPostprocessing = 0;
			shellPath = /bin/sh;
			shellScript = "diff \"${PODS_PODFILE_DIR_PATH}/Podfile.lock\" \"${PODS_ROOT}/Manifest.lock\" > /dev/null\nif [ $? != 0 ] ; then\n    # print error to STDERR\n    echo \"error: The sandbox is not in sync with the Podfile.lock. Run 'pod install' or update your CocoaPods installation.\" >&2\n    exit 1\nfi\n# This output is used by Xcode 'outputs' to avoid re-running this script phase.\necho \"SUCCESS\" > \"${SCRIPT_OUTPUT_FILE_0}\"\n";
			showEnvVarsInLog = 0;
		};
/* End PBXShellScriptBuildPhase section */

/* Begin PBXSourcesBuildPhase section */
		467210C424A00FA3002A191D /* Sources */ = {
			isa = PBXSourcesBuildPhase;
			buildActionMask = 2147483647;
			files = (
				46ED6AD724A7062E00216539 /* FeedCell.swift in Sources */,
				465C6D6324A50DF200C1F2A8 /* UploadVController.swift in Sources */,
				465C6D6524A50E0500C1F2A8 /* SettingVController.swift in Sources */,
				467210D024A00FA3002A191D /* ViewController.swift in Sources */,
				467210CC24A00FA3002A191D /* AppDelegate.swift in Sources */,
				465C6D6024A50DC200C1F2A8 /* FeedVController.swift in Sources */,
				467210CE24A00FA3002A191D /* SceneDelegate.swift in Sources */,
			);
			runOnlyForDeploymentPostprocessing = 0;
		};
/* End PBXSourcesBuildPhase section */

/* Begin PBXVariantGroup section */
		467210D124A00FA3002A191D /* Main.storyboard */ = {
			isa = PBXVariantGroup;
			children = (
				467210D224A00FA3002A191D /* Base */,
			);
			name = Main.storyboard;
			sourceTree = "<group>";
		};
		467210D624A00FA7002A191D /* LaunchScreen.storyboard */ = {
			isa = PBXVariantGroup;
			children = (
				467210D724A00FA7002A191D /* Base */,
			);
			name = LaunchScreen.storyboard;
			sourceTree = "<group>";
		};
/* End PBXVariantGroup section */

/* Begin XCBuildConfiguration section */
		467210DA24A00FA7002A191D /* Debug */ = {
			isa = XCBuildConfiguration;
			buildSettings = {
				ALWAYS_SEARCH_USER_PATHS = NO;
				CLANG_ANALYZER_NONNULL = YES;
				CLANG_ANALYZER_NUMBER_OBJECT_CONVERSION = YES_AGGRESSIVE;
				CLANG_CXX_LANGUAGE_STANDARD = "gnu++14";
				CLANG_CXX_LIBRARY = "libc++";
				CLANG_ENABLE_MODULES = YES;
				CLANG_ENABLE_OBJC_ARC = YES;
				CLANG_ENABLE_OBJC_WEAK = YES;
				CLANG_WARN_BLOCK_CAPTURE_AUTORELEASING = YES;
				CLANG_WARN_BOOL_CONVERSION = YES;
				CLANG_WARN_COMMA = YES;
				CLANG_WARN_CONSTANT_CONVERSION = YES;
				CLANG_WARN_DEPRECATED_OBJC_IMPLEMENTATIONS = YES;
				CLANG_WARN_DIRECT_OBJC_ISA_USAGE = YES_ERROR;
				CLANG_WARN_DOCUMENTATION_COMMENTS = YES;
				CLANG_WARN_EMPTY_BODY = YES;
				CLANG_WARN_ENUM_CONVERSION = YES;
				CLANG_WARN_INFINITE_RECURSION = YES;
				CLANG_WARN_INT_CONVERSION = YES;
				CLANG_WARN_NON_LITERAL_NULL_CONVERSION = YES;
				CLANG_WARN_OBJC_IMPLICIT_RETAIN_SELF = YES;
				CLANG_WARN_OBJC_LITERAL_CONVERSION = YES;
				CLANG_WARN_OBJC_ROOT_CLASS = YES_ERROR;
				CLANG_WARN_RANGE_LOOP_ANALYSIS = YES;
				CLANG_WARN_STRICT_PROTOTYPES = YES;
				CLANG_WARN_SUSPICIOUS_MOVE = YES;
				CLANG_WARN_UNGUARDED_AVAILABILITY = YES_AGGRESSIVE;
				CLANG_WARN_UNREACHABLE_CODE = YES;
				CLANG_WARN__DUPLICATE_METHOD_MATCH = YES;
				COPY_PHASE_STRIP = NO;
				DEBUG_INFORMATION_FORMAT = dwarf;
				ENABLE_STRICT_OBJC_MSGSEND = YES;
				ENABLE_TESTABILITY = YES;
				GCC_C_LANGUAGE_STANDARD = gnu11;
				GCC_DYNAMIC_NO_PIC = NO;
				GCC_NO_COMMON_BLOCKS = YES;
				GCC_OPTIMIZATION_LEVEL = 0;
				GCC_PREPROCESSOR_DEFINITIONS = (
					"DEBUG=1",
					"$(inherited)",
				);
				GCC_WARN_64_TO_32_BIT_CONVERSION = YES;
				GCC_WARN_ABOUT_RETURN_TYPE = YES_ERROR;
				GCC_WARN_UNDECLARED_SELECTOR = YES;
				GCC_WARN_UNINITIALIZED_AUTOS = YES_AGGRESSIVE;
				GCC_WARN_UNUSED_FUNCTION = YES;
				GCC_WARN_UNUSED_VARIABLE = YES;
				IPHONEOS_DEPLOYMENT_TARGET = 13.5;
				MTL_ENABLE_DEBUG_INFO = INCLUDE_SOURCE;
				MTL_FAST_MATH = YES;
				ONLY_ACTIVE_ARCH = YES;
				SDKROOT = iphoneos;
				SWIFT_ACTIVE_COMPILATION_CONDITIONS = DEBUG;
				SWIFT_OPTIMIZATION_LEVEL = "-Onone";
			};
			name = Debug;
		};
		467210DB24A00FA7002A191D /* Release */ = {
			isa = XCBuildConfiguration;
			buildSettings = {
				ALWAYS_SEARCH_USER_PATHS = NO;
				CLANG_ANALYZER_NONNULL = YES;
				CLANG_ANALYZER_NUMBER_OBJECT_CONVERSION = YES_AGGRESSIVE;
				CLANG_CXX_LANGUAGE_STANDARD = "gnu++14";
				CLANG_CXX_LIBRARY = "libc++";
				CLANG_ENABLE_MODULES = YES;
				CLANG_ENABLE_OBJC_ARC = YES;
				CLANG_ENABLE_OBJC_WEAK = YES;
				CLANG_WARN_BLOCK_CAPTURE_AUTORELEASING = YES;
				CLANG_WARN_BOOL_CONVERSION = YES;
				CLANG_WARN_COMMA = YES;
				CLANG_WARN_CONSTANT_CONVERSION = YES;
				CLANG_WARN_DEPRECATED_OBJC_IMPLEMENTATIONS = YES;
				CLANG_WARN_DIRECT_OBJC_ISA_USAGE = YES_ERROR;
				CLANG_WARN_DOCUMENTATION_COMMENTS = YES;
				CLANG_WARN_EMPTY_BODY = YES;
				CLANG_WARN_ENUM_CONVERSION = YES;
				CLANG_WARN_INFINITE_RECURSION = YES;
				CLANG_WARN_INT_CONVERSION = YES;
				CLANG_WARN_NON_LITERAL_NULL_CONVERSION = YES;
				CLANG_WARN_OBJC_IMPLICIT_RETAIN_SELF = YES;
				CLANG_WARN_OBJC_LITERAL_CONVERSION = YES;
				CLANG_WARN_OBJC_ROOT_CLASS = YES_ERROR;
				CLANG_WARN_RANGE_LOOP_ANALYSIS = YES;
				CLANG_WARN_STRICT_PROTOTYPES = YES;
				CLANG_WARN_SUSPICIOUS_MOVE = YES;
				CLANG_WARN_UNGUARDED_AVAILABILITY = YES_AGGRESSIVE;
				CLANG_WARN_UNREACHABLE_CODE = YES;
				CLANG_WARN__DUPLICATE_METHOD_MATCH = YES;
				COPY_PHASE_STRIP = NO;
				DEBUG_INFORMATION_FORMAT = "dwarf-with-dsym";
				ENABLE_NS_ASSERTIONS = NO;
				ENABLE_STRICT_OBJC_MSGSEND = YES;
				GCC_C_LANGUAGE_STANDARD = gnu11;
				GCC_NO_COMMON_BLOCKS = YES;
				GCC_WARN_64_TO_32_BIT_CONVERSION = YES;
				GCC_WARN_ABOUT_RETURN_TYPE = YES_ERROR;
				GCC_WARN_UNDECLARED_SELECTOR = YES;
				GCC_WARN_UNINITIALIZED_AUTOS = YES_AGGRESSIVE;
				GCC_WARN_UNUSED_FUNCTION = YES;
				GCC_WARN_UNUSED_VARIABLE = YES;
				IPHONEOS_DEPLOYMENT_TARGET = 13.5;
				MTL_ENABLE_DEBUG_INFO = NO;
				MTL_FAST_MATH = YES;
				SDKROOT = iphoneos;
				SWIFT_COMPILATION_MODE = wholemodule;
				SWIFT_OPTIMIZATION_LEVEL = "-O";
				VALIDATE_PRODUCT = YES;
			};
			name = Release;
		};
		467210DD24A00FA7002A191D /* Debug */ = {
			isa = XCBuildConfiguration;
			baseConfigurationReference = CAD77A5D13E786DAC67B18D2 /* Pods-instaClone.debug.xcconfig */;
			buildSettings = {
				ASSETCATALOG_COMPILER_APPICON_NAME = AppIcon;
				CODE_SIGN_STYLE = Automatic;
				DEVELOPMENT_TEAM = XV272CGUK8;
				INFOPLIST_FILE = instaClone/Info.plist;
				LD_RUNPATH_SEARCH_PATHS = (
					"$(inherited)",
					"@executable_path/Frameworks",
				);
				PRODUCT_BUNDLE_IDENTIFIER = co.zacs.instaClone;
				PRODUCT_NAME = "$(TARGET_NAME)";
				SWIFT_VERSION = 5.0;
				TARGETED_DEVICE_FAMILY = "1,2";
			};
			name = Debug;
		};
		467210DE24A00FA7002A191D /* Release */ = {
			isa = XCBuildConfiguration;
			baseConfigurationReference = 3942C092A6938654A9670AF7 /* Pods-instaClone.release.xcconfig */;
			buildSettings = {
				ASSETCATALOG_COMPILER_APPICON_NAME = AppIcon;
				CODE_SIGN_STYLE = Automatic;
				DEVELOPMENT_TEAM = XV272CGUK8;
				INFOPLIST_FILE = instaClone/Info.plist;
				LD_RUNPATH_SEARCH_PATHS = (
					"$(inherited)",
					"@executable_path/Frameworks",
				);
				PRODUCT_BUNDLE_IDENTIFIER = co.zacs.instaClone;
				PRODUCT_NAME = "$(TARGET_NAME)";
				SWIFT_VERSION = 5.0;
				TARGETED_DEVICE_FAMILY = "1,2";
			};
			name = Release;
		};
/* End XCBuildConfiguration section */

/* Begin XCConfigurationList section */
		467210C324A00FA3002A191D /* Build configuration list for PBXProject "instaClone" */ = {
			isa = XCConfigurationList;
			buildConfigurations = (
				467210DA24A00FA7002A191D /* Debug */,
				467210DB24A00FA7002A191D /* Release */,
			);
			defaultConfigurationIsVisible = 0;
			defaultConfigurationName = Release;
		};
		467210DC24A00FA7002A191D /* Build configuration list for PBXNativeTarget "instaClone" */ = {
			isa = XCConfigurationList;
			buildConfigurations = (
				467210DD24A00FA7002A191D /* Debug */,
				467210DE24A00FA7002A191D /* Release */,
			);
			defaultConfigurationIsVisible = 0;
			defaultConfigurationName = Release;
		};
/* End XCConfigurationList section */
	};
	rootObject = 467210C024A00FA3002A191D /* Project object */;
}
